
Microsoft Visual Studio Solution File, Format Version 12.00
# Visual Studio 15
VisualStudioVersion = 15.0.28307.271
MinimumVisualStudioVersion = 10.0.40219.1
Project("{FAE04EC0-301F-11D3-BF4B-00C04F79EFBC}") = "GeometricLayout", "GeometricLayout\GeometricLayout.csproj", "{B6AAD6AD-A215-4E04-AC3D-5D489936EF57}"
EndProject
Project("{FAE04EC0-301F-11D3-BF4B-00C04F79EFBC}") = "GeometricLayoutTest", "GeometricLayoutTest\GeometricLayoutTest.csproj", "{D114DB5C-0E83-447C-9AE8-39A6E1460289}"
EndProject
Global
	GlobalSection(SolutionConfigurationPlatforms) = preSolution
		Debug|Any CPU = Debug|Any CPU
		Release|Any CPU = Release|Any CPU
	EndGlobalSection
	GlobalSection(ProjectConfigurationPlatforms) = postSolution
		{B6AAD6AD-A215-4E04-AC3D-5D489936EF57}.Debug|Any CPU.ActiveCfg = Debug|Any CPU
		{B6AAD6AD-A215-4E04-AC3D-5D489936EF57}.Debug|Any CPU.Build.0 = Debug|Any CPU
		{B6AAD6AD-A215-4E04-AC3D-5D489936EF57}.Release|Any CPU.ActiveCfg = Release|Any CPU
		{B6AAD6AD-A215-4E04-AC3D-5D489936EF57}.Release|Any CPU.Build.0 = Release|Any CPU
		{D114DB5C-0E83-447C-9AE8-39A6E1460289}.Debug|Any CPU.ActiveCfg = Debug|Any CPU
		{D114DB5C-0E83-447C-9AE8-39A6E1460289}.Debug|Any CPU.Build.0 = Debug|Any CPU
		{D114DB5C-0E83-447C-9AE8-39A6E1460289}.Release|Any CPU.ActiveCfg = Release|Any CPU
		{D114DB5C-0E83-447C-9AE8-39A6E1460289}.Release|Any CPU.Build.0 = Release|Any CPU
	EndGlobalSection
	GlobalSection(SolutionProperties) = preSolution
		HideSolutionNode = FALSE
	EndGlobalSection
	GlobalSection(ExtensibilityGlobals) = postSolution
		SolutionGuid = {C4EF7F4A-94CE-4CE3-B8C1-FBBDAE7EE67E}
	EndGlobalSection
EndGlobal
